dependencies:
  espressif/usb_host_hid:
    component_hash: 9295f5fc8761aba10ff8ae6e734621bdf20f43b194c4d700b238ba320e59b176
    source:
      service_url: https://api.components.espressif.com/
      type: service
    version: 1.0.2
  idf:
    component_hash: null
    source:
      type: idf
    version: 5.3.0
manifest_hash: d72796683f8898bcadadea4a67adee73becfdb138865a596ba5aca9200a7271d
target: esp32s3
version: 1.0.0
